// !$*UTF8*$!
{
	archiveVersion = 1;
	classes = {
	};
	objectVersion = 60;
	objects = {

/* Begin PBXBuildFile section */
		1ABA92E62BC9BED400AA241C /* BLocationExampleApp.swift in Sources */ = {isa = PBXBuildFile; fileRef = 1ABA92E52BC9BED400AA241C /* BLocationExampleApp.swift */; };
		1ABA92E82BC9BED400AA241C /* ContentView.swift in Sources */ = {isa = PBXBuildFile; fileRef = 1ABA92E72BC9BED400AA241C /* ContentView.swift */; };
		1ABA92EA2BC9BED600AA241C /* Assets.xcassets in Resources */ = {isa = PBXBuildFile; fileRef = 1ABA92E92BC9BED600AA241C /* Assets.xcassets */; };
		1ABA92ED2BC9BED600AA241C /* Preview Assets.xcassets in Resources */ = {isa = PBXBuildFile; fileRef = 1ABA92EC2BC9BED600AA241C /* Preview Assets.xcassets */; };
		1ABA92F72BC9BED700AA241C /* BLocationExampleTests.swift in Sources */ = {isa = PBXBuildFile; fileRef = 1ABA92F62BC9BED700AA241C /* BLocationExampleTests.swift */; };
		1ABA93012BC9BED700AA241C /* BLocationExampleUITests.swift in Sources */ = {isa = PBXBuildFile; fileRef = 1ABA93002BC9BED700AA241C /* BLocationExampleUITests.swift */; };
		1ABA93032BC9BED700AA241C /* BLocationExampleUITestsLaunchTests.swift in Sources */ = {isa = PBXBuildFile; fileRef = 1ABA93022BC9BED700AA241C /* BLocationExampleUITestsLaunchTests.swift */; };
		1ACF56B72BC9CD7600ED88B2 /* BLocation in Frameworks */ = {isa = PBXBuildFile; productRef = 1ACF56B62BC9CD7600ED88B2 /* BLocation */; };
/* End PBXBuildFile section */

/* Begin PBXContainerItemProxy section */
		1ABA92F32BC9BED700AA241C /* PBXContainerItemProxy */ = {
			isa = PBXContainerItemProxy;
			containerPortal = 1ABA92DA2BC9BED400AA241C /* Project object */;
			proxyType = 1;
			remoteGlobalIDString = 1ABA92E12BC9BED400AA241C;
			remoteInfo = BLocationExample;
		};
		1ABA92FD2BC9BED700AA241C /* PBXContainerItemProxy */ = {
			isa = PBXContainerItemProxy;
			containerPortal = 1ABA92DA2BC9BED400AA241C /* Project object */;
			proxyType = 1;
			remoteGlobalIDString = 1ABA92E12BC9BED400AA241C;
			remoteInfo = BLocationExample;
		};
/* End PBXContainerItemProxy section */

/* Begin PBXFileReference section */
		1ABA92E22BC9BED400AA241C /* BLocationExample.app */ = {isa = PBXFileReference; explicitFileType = wrapper.application; includeInIndex = 0; path = BLocationExample.app; sourceTree = BUILT_PRODUCTS_DIR; };
		1ABA92E52BC9BED400AA241C /* BLocationExampleApp.swift */ = {isa = PBXFileReference; lastKnownFileType = sourcecode.swift; path = BLocationExampleApp.swift; sourceTree = "<group>"; };
		1ABA92E72BC9BED400AA241C /* ContentView.swift */ = {isa = PBXFileReference; lastKnownFileType = sourcecode.swift; path = ContentView.swift; sourceTree = "<group>"; };
		1ABA92E92BC9BED600AA241C /* Assets.xcassets */ = {isa = PBXFileReference; lastKnownFileType = folder.assetcatalog; path = Assets.xcassets; sourceTree = "<group>"; };
		1ABA92EC2BC9BED600AA241C /* Preview Assets.xcassets */ = {isa = PBXFileReference; lastKnownFileType = folder.assetcatalog; path = "Preview Assets.xcassets"; sourceTree = "<group>"; };
		1ABA92F22BC9BED700AA241C /* BLocationExampleTests.xctest */ = {isa = PBXFileReference; explicitFileType = wrapper.cfbundle; includeInIndex = 0; path = BLocationExampleTests.xctest; sourceTree = BUILT_PRODUCTS_DIR; };
		1ABA92F62BC9BED700AA241C /* BLocationExampleTests.swift */ = {isa = PBXFileReference; lastKnownFileType = sourcecode.swift; path = BLocationExampleTests.swift; sourceTree = "<group>"; };
		1ABA92FC2BC9BED700AA241C /* BLocationExampleUITests.xctest */ = {isa = PBXFileReference; explicitFileType = wrapper.cfbundle; includeInIndex = 0; path = BLocationExampleUITests.xctest; sourceTree = BUILT_PRODUCTS_DIR; };
		1ABA93002BC9BED700AA241C /* BLocationExampleUITests.swift */ = {isa = PBXFileReference; lastKnownFileType = sourcecode.swift; path = BLocationExampleUITests.swift; sourceTree = "<group>"; };
		1ABA93022BC9BED700AA241C /* BLocationExampleUITestsLaunchTests.swift */ = {isa = PBXFileReference; lastKnownFileType = sourcecode.swift; path = BLocationExampleUITestsLaunchTests.swift; sourceTree = "<group>"; };
		1ABA930F2BC9C20700AA241C /* BLocation */ = {isa = PBXFileReference; lastKnownFileType = wrapper; name = BLocation; path = ../..; sourceTree = "<group>"; };
/* End PBXFileReference section */

/* Begin PBXFrameworksBuildPhase section */
		1ABA92DF2BC9BED400AA241C /* Frameworks */ = {
			isa = PBXFrameworksBuildPhase;
			buildActionMask = 2147483647;
			files = (
				1ACF56B72BC9CD7600ED88B2 /* BLocation in Frameworks */,
			);
			runOnlyForDeploymentPostprocessing = 0;
		};
		1ABA92EF2BC9BED700AA241C /* Frameworks */ = {
			isa = PBXFrameworksBuildPhase;
			buildActionMask = 2147483647;
			files = (
			);
			runOnlyForDeploymentPostprocessing = 0;
		};
		1ABA92F92BC9BED700AA241C /* Frameworks */ = {
			isa = PBXFrameworksBuildPhase;
			buildActionMask = 2147483647;
			files = (
			);
			runOnlyForDeploymentPostprocessing = 0;
		};
/* End PBXFrameworksBuildPhase section */

/* Begin PBXGroup section */
		1ABA92D92BC9BED400AA241C = {
			isa = PBXGroup;
			children = (
				1ABA92E42BC9BED400AA241C /* BLocationExample */,
				1ABA92F52BC9BED700AA241C /* BLocationExampleTests */,
				1ABA92FF2BC9BED700AA241C /* BLocationExampleUITests */,
				1ABA92E32BC9BED400AA241C /* Products */,
			);
			sourceTree = "<group>";
		};
		1ABA92E32BC9BED400AA241C /* Products */ = {
			isa = PBXGroup;
			children = (
				1ABA92E22BC9BED400AA241C /* BLocationExample.app */,
				1ABA92F22BC9BED700AA241C /* BLocationExampleTests.xctest */,
				1ABA92FC2BC9BED700AA241C /* BLocationExampleUITests.xctest */,
			);
			name = Products;
			sourceTree = "<group>";
		};
		1ABA92E42BC9BED400AA241C /* BLocationExample */ = {
			isa = PBXGroup;
			children = (
				1ABA930F2BC9C20700AA241C /* BLocation */,
				1ABA92E52BC9BED400AA241C /* BLocationExampleApp.swift */,
				1ABA92E72BC9BED400AA241C /* ContentView.swift */,
				1ABA92E92BC9BED600AA241C /* Assets.xcassets */,
				1ABA92EB2BC9BED600AA241C /* Preview Content */,
			);
			path = BLocationExample;
			sourceTree = "<group>";
		};
		1ABA92EB2BC9BED600AA241C /* Preview Content */ = {
			isa = PBXGroup;
			children = (
				1ABA92EC2BC9BED600AA241C /* Preview Assets.xcassets */,
			);
			path = "Preview Content";
			sourceTree = "<group>";
		};
		1ABA92F52BC9BED700AA241C /* BLocationExampleTests */ = {
			isa = PBXGroup;
			children = (
				1ABA92F62BC9BED700AA241C /* BLocationExampleTests.swift */,
			);
			path = BLocationExampleTests;
			sourceTree = "<group>";
		};
		1ABA92FF2BC9BED700AA241C /* BLocationExampleUITests */ = {
			isa = PBXGroup;
			children = (
				1ABA93002BC9BED700AA241C /* BLocationExampleUITests.swift */,
				1ABA93022BC9BED700AA241C /* BLocationExampleUITestsLaunchTests.swift */,
			);
			path = BLocationExampleUITests;
			sourceTree = "<group>";
		};
/* End PBXGroup section */

/* Begin PBXNativeTarget section */
		1ABA92E12BC9BED400AA241C /* BLocationExample */ = {
			isa = PBXNativeTarget;
			buildConfigurationList = 1ABA93062BC9BED700AA241C /* Build configuration list for PBXNativeTarget "BLocationExample" */;
			buildPhases = (
				1ACF56C62BCA99A100ED88B2 /* SwiftFormat */,
				1ABA92DE2BC9BED400AA241C /* Sources */,
				1ABA92DF2BC9BED400AA241C /* Frameworks */,
				1ABA92E02BC9BED400AA241C /* Resources */,
			);
			buildRules = (
			);
			dependencies = (
			);
			name = BLocationExample;
			packageProductDependencies = (
				1ACF56B62BC9CD7600ED88B2 /* BLocation */,
			);
			productName = BLocationExample;
			productReference = 1ABA92E22BC9BED400AA241C /* BLocationExample.app */;
			productType = "com.apple.product-type.application";
		};
		1ABA92F12BC9BED700AA241C /* BLocationExampleTests */ = {
			isa = PBXNativeTarget;
			buildConfigurationList = 1ABA93092BC9BED700AA241C /* Build configuration list for PBXNativeTarget "BLocationExampleTests" */;
			buildPhases = (
				1ABA92EE2BC9BED700AA241C /* Sources */,
				1ABA92EF2BC9BED700AA241C /* Frameworks */,
				1ABA92F02BC9BED700AA241C /* Resources */,
			);
			buildRules = (
			);
			dependencies = (
				1ABA92F42BC9BED700AA241C /* PBXTargetDependency */,
			);
			name = BLocationExampleTests;
			productName = BLocationExampleTests;
			productReference = 1ABA92F22BC9BED700AA241C /* BLocationExampleTests.xctest */;
			productType = "com.apple.product-type.bundle.unit-test";
		};
		1ABA92FB2BC9BED700AA241C /* BLocationExampleUITests */ = {
			isa = PBXNativeTarget;
			buildConfigurationList = 1ABA930C2BC9BED700AA241C /* Build configuration list for PBXNativeTarget "BLocationExampleUITests" */;
			buildPhases = (
				1ABA92F82BC9BED700AA241C /* Sources */,
				1ABA92F92BC9BED700AA241C /* Frameworks */,
				1ABA92FA2BC9BED700AA241C /* Resources */,
			);
			buildRules = (
			);
			dependencies = (
				1ABA92FE2BC9BED700AA241C /* PBXTargetDependency */,
			);
			name = BLocationExampleUITests;
			productName = BLocationExampleUITests;
			productReference = 1ABA92FC2BC9BED700AA241C /* BLocationExampleUITests.xctest */;
			productType = "com.apple.product-type.bundle.ui-testing";
		};
/* End PBXNativeTarget section */

/* Begin PBXProject section */
		1ABA92DA2BC9BED400AA241C /* Project object */ = {
			isa = PBXProject;
			attributes = {
				BuildIndependentTargetsInParallel = 1;
				LastSwiftUpdateCheck = 1530;
				LastUpgradeCheck = 1530;
				TargetAttributes = {
					1ABA92E12BC9BED400AA241C = {
						CreatedOnToolsVersion = 15.3;
					};
					1ABA92F12BC9BED700AA241C = {
						CreatedOnToolsVersion = 15.3;
						TestTargetID = 1ABA92E12BC9BED400AA241C;
					};
					1ABA92FB2BC9BED700AA241C = {
						CreatedOnToolsVersion = 15.3;
						TestTargetID = 1ABA92E12BC9BED400AA241C;
					};
				};
			};
			buildConfigurationList = 1ABA92DD2BC9BED400AA241C /* Build configuration list for PBXProject "BLocationExample" */;
			compatibilityVersion = "Xcode 14.0";
			developmentRegion = en;
			hasScannedForEncodings = 0;
			knownRegions = (
				en,
				Base,
			);
			mainGroup = 1ABA92D92BC9BED400AA241C;
			packageReferences = (
				1ACF56B52BC9CC8600ED88B2 /* XCLocalSwiftPackageReference ".." */,
			);
			productRefGroup = 1ABA92E32BC9BED400AA241C /* Products */;
			projectDirPath = "";
			projectRoot = "";
			targets = (
				1ABA92E12BC9BED400AA241C /* BLocationExample */,
				1ABA92F12BC9BED700AA241C /* BLocationExampleTests */,
				1ABA92FB2BC9BED700AA241C /* BLocationExampleUITests */,
			);
		};
/* End PBXProject section */

/* Begin PBXResourcesBuildPhase section */
		1ABA92E02BC9BED400AA241C /* Resources */ = {
			isa = PBXResourcesBuildPhase;
			buildActionMask = 2147483647;
			files = (
				1ABA92ED2BC9BED600AA241C /* Preview Assets.xcassets in Resources */,
				1ABA92EA2BC9BED600AA241C /* Assets.xcassets in Resources */,
			);
			runOnlyForDeploymentPostprocessing = 0;
		};
		1ABA92F02BC9BED700AA241C /* Resources */ = {
			isa = PBXResourcesBuildPhase;
			buildActionMask = 2147483647;
			files = (
			);
			runOnlyForDeploymentPostprocessing = 0;
		};
		1ABA92FA2BC9BED700AA241C /* Resources */ = {
			isa = PBXResourcesBuildPhase;
			buildActionMask = 2147483647;
			files = (
			);
			runOnlyForDeploymentPostprocessing = 0;
		};
/* End PBXResourcesBuildPhase section */

/* Begin PBXShellScriptBuildPhase section */
		1ACF56C62BCA99A100ED88B2 /* SwiftFormat */ = {
			isa = PBXShellScriptBuildPhase;
			alwaysOutOfDate = 1;
			buildActionMask = 2147483647;
			files = (
			);
			inputFileListPaths = (
			);
			inputPaths = (
			);
			name = SwiftFormat;
			outputFileListPaths = (
			);
			outputPaths = (
			);
			runOnlyForDeploymentPostprocessing = 0;
			shellPath = /bin/sh;
			shellScript = "cd BuildTools\nSDKROOT=(xcrun --sdk macosx --show-sdk-path)\n#swift package update #Uncomment this line temporarily to update the version used to the latest matching your BuildTools/Package.swift file\nswift run -c release swiftformat \"$SRCROOT/..\"\n";
		};
/* End PBXShellScriptBuildPhase section */

/* Begin PBXSourcesBuildPhase section */
		1ABA92DE2BC9BED400AA241C /* Sources */ = {
			isa = PBXSourcesBuildPhase;
			buildActionMask = 2147483647;
			files = (
				1ABA92E82BC9BED400AA241C /* ContentView.swift in Sources */,
				1ABA92E62BC9BED400AA241C /* BLocationExampleApp.swift in Sources */,
			);
			runOnlyForDeploymentPostprocessing = 0;
		};
		1ABA92EE2BC9BED700AA241C /* Sources */ = {
			isa = PBXSourcesBuildPhase;
			buildActionMask = 2147483647;
			files = (
				1ABA92F72BC9BED700AA241C /* BLocationExampleTests.swift in Sources */,
			);
			runOnlyForDeploymentPostprocessing = 0;
		};
		1ABA92F82BC9BED700AA241C /* Sources */ = {
			isa = PBXSourcesBuildPhase;
			buildActionMask = 2147483647;
			files = (
				1ABA93012BC9BED700AA241C /* BLocationExampleUITests.swift in Sources */,
				1ABA93032BC9BED700AA241C /* BLocationExampleUITestsLaunchTests.swift in Sources */,
			);
			runOnlyForDeploymentPostprocessing = 0;
		};
/* End PBXSourcesBuildPhase section */

/* Begin PBXTargetDependency section */
		1ABA92F42BC9BED700AA241C /* PBXTargetDependency */ = {
			isa = PBXTargetDependency;
			target = 1ABA92E12BC9BED400AA241C /* BLocationExample */;
			targetProxy = 1ABA92F32BC9BED700AA241C /* PBXContainerItemProxy */;
		};
		1ABA92FE2BC9BED700AA241C /* PBXTargetDependency */ = {
			isa = PBXTargetDependency;
			target = 1ABA92E12BC9BED400AA241C /* BLocationExample */;
			targetProxy = 1ABA92FD2BC9BED700AA241C /* PBXContainerItemProxy */;
		};
/* End PBXTargetDependency section */

/* Begin XCBuildConfiguration section */
		1ABA93042BC9BED700AA241C /* Debug */ = {
			isa = XCBuildConfiguration;
			buildSettings = {
				ALWAYS_SEARCH_USER_PATHS = NO;
				ASSETCATALOG_COMPILER_GENERATE_SWIFT_ASSET_SYMBOL_EXTENSIONS = YES;
				CLANG_ANALYZER_NONNULL = YES;
				CLANG_ANALYZER_NUMBER_OBJECT_CONVERSION = YES_AGGRESSIVE;
				CLANG_CXX_LANGUAGE_STANDARD = "gnu++20";
				CLANG_ENABLE_MODULES = YES;
				CLANG_ENABLE_OBJC_ARC = YES;
				CLANG_ENABLE_OBJC_WEAK = YES;
				CLANG_WARN_BLOCK_CAPTURE_AUTORELEASING = YES;
				CLANG_WARN_BOOL_CONVERSION = YES;
				CLANG_WARN_COMMA = YES;
				CLANG_WARN_CONSTANT_CONVERSION = YES;
				CLANG_WARN_DEPRECATED_OBJC_IMPLEMENTATIONS = YES;
				CLANG_WARN_DIRECT_OBJC_ISA_USAGE = YES_ERROR;
				CLANG_WARN_DOCUMENTATION_COMMENTS = YES;
				CLANG_WARN_EMPTY_BODY = YES;
				CLANG_WARN_ENUM_CONVERSION = YES;
				CLANG_WARN_INFINITE_RECURSION = YES;
				CLANG_WARN_INT_CONVERSION = YES;
				CLANG_WARN_NON_LITERAL_NULL_CONVERSION = YES;
				CLANG_WARN_OBJC_IMPLICIT_RETAIN_SELF = YES;
				CLANG_WARN_OBJC_LITERAL_CONVERSION = YES;
				CLANG_WARN_OBJC_ROOT_CLASS = YES_ERROR;
				CLANG_WARN_QUOTED_INCLUDE_IN_FRAMEWORK_HEADER = YES;
				CLANG_WARN_RANGE_LOOP_ANALYSIS = YES;
				CLANG_WARN_STRICT_PROTOTYPES = YES;
				CLANG_WARN_SUSPICIOUS_MOVE = YES;
				CLANG_WARN_UNGUARDED_AVAILABILITY = YES_AGGRESSIVE;
				CLANG_WARN_UNREACHABLE_CODE = YES;
				CLANG_WARN__DUPLICATE_METHOD_MATCH = YES;
				COPY_PHASE_STRIP = NO;
				DEBUG_INFORMATION_FORMAT = dwarf;
				ENABLE_STRICT_OBJC_MSGSEND = YES;
				ENABLE_TESTABILITY = YES;
				ENABLE_USER_SCRIPT_SANDBOXING = NO;
				GCC_C_LANGUAGE_STANDARD = gnu17;
				GCC_DYNAMIC_NO_PIC = NO;
				GCC_NO_COMMON_BLOCKS = YES;
				GCC_OPTIMIZATION_LEVEL = 0;
				GCC_PREPROCESSOR_DEFINITIONS = (
					"DEBUG=1",
					"$(inherited)",
				);
				GCC_WARN_64_TO_32_BIT_CONVERSION = YES;
				GCC_WARN_ABOUT_RETURN_TYPE = YES_ERROR;
				GCC_WARN_UNDECLARED_SELECTOR = YES;
				GCC_WARN_UNINITIALIZED_AUTOS = YES_AGGRESSIVE;
				GCC_WARN_UNUSED_FUNCTION = YES;
				GCC_WARN_UNUSED_VARIABLE = YES;
				IPHONEOS_DEPLOYMENT_TARGET = 17.4;
				LOCALIZATION_PREFERS_STRING_CATALOGS = YES;
				MTL_ENABLE_DEBUG_INFO = INCLUDE_SOURCE;
				MTL_FAST_MATH = YES;
				ONLY_ACTIVE_ARCH = YES;
				SDKROOT = iphoneos;
				SWIFT_ACTIVE_COMPILATION_CONDITIONS = "DEBUG $(inherited)";
				SWIFT_OPTIMIZATION_LEVEL = "-Onone";
			};
			name = Debug;
		};
		1ABA93052BC9BED700AA241C /* Release */ = {
			isa = XCBuildConfiguration;
			buildSettings = {
				ALWAYS_SEARCH_USER_PATHS = NO;
				ASSETCATALOG_COMPILER_GENERATE_SWIFT_ASSET_SYMBOL_EXTENSIONS = YES;
				CLANG_ANALYZER_NONNULL = YES;
				CLANG_ANALYZER_NUMBER_OBJECT_CONVERSION = YES_AGGRESSIVE;
				CLANG_CXX_LANGUAGE_STANDARD = "gnu++20";
				CLANG_ENABLE_MODULES = YES;
				CLANG_ENABLE_OBJC_ARC = YES;
				CLANG_ENABLE_OBJC_WEAK = YES;
				CLANG_WARN_BLOCK_CAPTURE_AUTORELEASING = YES;
				CLANG_WARN_BOOL_CONVERSION = YES;
				CLANG_WARN_COMMA = YES;
				CLANG_WARN_CONSTANT_CONVERSION = YES;
				CLANG_WARN_DEPRECATED_OBJC_IMPLEMENTATIONS = YES;
				CLANG_WARN_DIRECT_OBJC_ISA_USAGE = YES_ERROR;
				CLANG_WARN_DOCUMENTATION_COMMENTS = YES;
				CLANG_WARN_EMPTY_BODY = YES;
				CLANG_WARN_ENUM_CONVERSION = YES;
				CLANG_WARN_INFINITE_RECURSION = YES;
				CLANG_WARN_INT_CONVERSION = YES;
				CLANG_WARN_NON_LITERAL_NULL_CONVERSION = YES;
				CLANG_WARN_OBJC_IMPLICIT_RETAIN_SELF = YES;
				CLANG_WARN_OBJC_LITERAL_CONVERSION = YES;
				CLANG_WARN_OBJC_ROOT_CLASS = YES_ERROR;
				CLANG_WARN_QUOTED_INCLUDE_IN_FRAMEWORK_HEADER = YES;
				CLANG_WARN_RANGE_LOOP_ANALYSIS = YES;
				CLANG_WARN_STRICT_PROTOTYPES = YES;
				CLANG_WARN_SUSPICIOUS_MOVE = YES;
				CLANG_WARN_UNGUARDED_AVAILABILITY = YES_AGGRESSIVE;
				CLANG_WARN_UNREACHABLE_CODE = YES;
				CLANG_WARN__DUPLICATE_METHOD_MATCH = YES;
				COPY_PHASE_STRIP = NO;
				DEBUG_INFORMATION_FORMAT = "dwarf-with-dsym";
				ENABLE_NS_ASSERTIONS = NO;
				ENABLE_STRICT_OBJC_MSGSEND = YES;
				ENABLE_USER_SCRIPT_SANDBOXING = NO;
				GCC_C_LANGUAGE_STANDARD = gnu17;
				GCC_NO_COMMON_BLOCKS = YES;
				GCC_WARN_64_TO_32_BIT_CONVERSION = YES;
				GCC_WARN_ABOUT_RETURN_TYPE = YES_ERROR;
				GCC_WARN_UNDECLARED_SELECTOR = YES;
				GCC_WARN_UNINITIALIZED_AUTOS = YES_AGGRESSIVE;
				GCC_WARN_UNUSED_FUNCTION = YES;
				GCC_WARN_UNUSED_VARIABLE = YES;
				IPHONEOS_DEPLOYMENT_TARGET = 17.4;
				LOCALIZATION_PREFERS_STRING_CATALOGS = YES;
				MTL_ENABLE_DEBUG_INFO = NO;
				MTL_FAST_MATH = YES;
				SDKROOT = iphoneos;
				SWIFT_COMPILATION_MODE = wholemodule;
				VALIDATE_PRODUCT = YES;
			};
			name = Release;
		};
		1ABA93072BC9BED700AA241C /* Debug */ = {
			isa = XCBuildConfiguration;
			buildSettings = {
				ASSETCATALOG_COMPILER_APPICON_NAME = AppIcon;
				ASSETCATALOG_COMPILER_GLOBAL_ACCENT_COLOR_NAME = AccentColor;
				CODE_SIGN_STYLE = Automatic;
				CURRENT_PROJECT_VERSION = 1;
				DEVELOPMENT_ASSET_PATHS = "\"BLocationExample/Preview Content\"";
				DEVELOPMENT_TEAM = B4Q34X3MCH;
				ENABLE_PREVIEWS = YES;
				GENERATE_INFOPLIST_FILE = YES;
				INFOPLIST_KEY_UIApplicationSceneManifest_Generation = YES;
				INFOPLIST_KEY_UIApplicationSupportsIndirectInputEvents = YES;
				INFOPLIST_KEY_UILaunchScreen_Generation = YES;
				INFOPLIST_KEY_UISupportedInterfaceOrientations_iPad = "UIInterfaceOrientationPortrait UIInterfaceOrientationPortraitUpsideDown UIInterfaceOrientationLandscapeLeft UIInterfaceOrientationLandscapeRight";
				INFOPLIST_KEY_UISupportedInterfaceOrientations_iPhone = "UIInterfaceOrientationPortrait UIInterfaceOrientationLandscapeLeft UIInterfaceOrientationLandscapeRight";
				IPHONEOS_DEPLOYMENT_TARGET = 15.0;
				LD_RUNPATH_SEARCH_PATHS = (
					"$(inherited)",
					"@executable_path/Frameworks",
				);
				MARKETING_VERSION = 1.0;
				PRODUCT_BUNDLE_IDENTIFIER = com.exoberfox.BLocationExample;
				PRODUCT_NAME = "$(TARGET_NAME)";
				SWIFT_EMIT_LOC_STRINGS = YES;
				SWIFT_VERSION = 5.0;
				TARGETED_DEVICE_FAMILY = "1,2";
			};
			name = Debug;
		};
		1ABA93082BC9BED700AA241C /* Release */ = {
			isa = XCBuildConfiguration;
			buildSettings = {
				ASSETCATALOG_COMPILER_APPICON_NAME = AppIcon;
				ASSETCATALOG_COMPILER_GLOBAL_ACCENT_COLOR_NAME = AccentColor;
				CODE_SIGN_STYLE = Automatic;
				CURRENT_PROJECT_VERSION = 1;
				DEVELOPMENT_ASSET_PATHS = "\"BLocationExample/Preview Content\"";
				DEVELOPMENT_TEAM = B4Q34X3MCH;
				ENABLE_PREVIEWS = YES;
				GENERATE_INFOPLIST_FILE = YES;
				INFOPLIST_KEY_UIApplicationSceneManifest_Generation = YES;
				INFOPLIST_KEY_UIApplicationSupportsIndirectInputEvents = YES;
				INFOPLIST_KEY_UILaunchScreen_Generation = YES;
				INFOPLIST_KEY_UISupportedInterfaceOrientations_iPad = "UIInterfaceOrientationPortrait UIInterfaceOrientationPortraitUpsideDown UIInterfaceOrientationLandscapeLeft UIInterfaceOrientationLandscapeRight";
				INFOPLIST_KEY_UISupportedInterfaceOrientations_iPhone = "UIInterfaceOrientationPortrait UIInterfaceOrientationLandscapeLeft UIInterfaceOrientationLandscapeRight";
				IPHONEOS_DEPLOYMENT_TARGET = 15.0;
				LD_RUNPATH_SEARCH_PATHS = (
					"$(inherited)",
					"@executable_path/Frameworks",
				);
				MARKETING_VERSION = 1.0;
				PRODUCT_BUNDLE_IDENTIFIER = com.exoberfox.BLocationExample;
				PRODUCT_NAME = "$(TARGET_NAME)";
				SWIFT_EMIT_LOC_STRINGS = YES;
				SWIFT_VERSION = 5.0;
				TARGETED_DEVICE_FAMILY = "1,2";
			};
			name = Release;
		};
		1ABA930A2BC9BED700AA241C /* Debug */ = {
			isa = XCBuildConfiguration;
			buildSettings = {
				ALWAYS_EMBED_SWIFT_STANDARD_LIBRARIES = YES;
				BUNDLE_LOADER = "$(TEST_HOST)";
				CODE_SIGN_STYLE = Automatic;
				CURRENT_PROJECT_VERSION = 1;
				DEVELOPMENT_TEAM = B4Q34X3MCH;
				GENERATE_INFOPLIST_FILE = YES;
				IPHONEOS_DEPLOYMENT_TARGET = 17.4;
				MARKETING_VERSION = 1.0;
				PRODUCT_BUNDLE_IDENTIFIER = com.exoberfox.BLocationExampleTests;
				PRODUCT_NAME = "$(TARGET_NAME)";
				SWIFT_EMIT_LOC_STRINGS = NO;
				SWIFT_VERSION = 5.0;
				TARGETED_DEVICE_FAMILY = "1,2";
				TEST_HOST = "$(BUILT_PRODUCTS_DIR)/BLocationExample.app/$(BUNDLE_EXECUTABLE_FOLDER_PATH)/BLocationExample";
			};
			name = Debug;
		};
		1ABA930B2BC9BED700AA241C /* Release */ = {
			isa = XCBuildConfiguration;
			buildSettings = {
				ALWAYS_EMBED_SWIFT_STANDARD_LIBRARIES = YES;
				BUNDLE_LOADER = "$(TEST_HOST)";
				CODE_SIGN_STYLE = Automatic;
				CURRENT_PROJECT_VERSION = 1;
				DEVELOPMENT_TEAM = B4Q34X3MCH;
				GENERATE_INFOPLIST_FILE = YES;
				IPHONEOS_DEPLOYMENT_TARGET = 17.4;
				MARKETING_VERSION = 1.0;
				PRODUCT_BUNDLE_IDENTIFIER = com.exoberfox.BLocationExampleTests;
				PRODUCT_NAME = "$(TARGET_NAME)";
				SWIFT_EMIT_LOC_STRINGS = NO;
				SWIFT_VERSION = 5.0;
				TARGETED_DEVICE_FAMILY = "1,2";
				TEST_HOST = "$(BUILT_PRODUCTS_DIR)/BLocationExample.app/$(BUNDLE_EXECUTABLE_FOLDER_PATH)/BLocationExample";
			};
			name = Release;
		};
		1ABA930D2BC9BED700AA241C /* Debug */ = {
			isa = XCBuildConfiguration;
			buildSettings = {
				ALWAYS_EMBED_SWIFT_STANDARD_LIBRARIES = YES;
				CODE_SIGN_STYLE = Automatic;
				CURRENT_PROJECT_VERSION = 1;
				DEVELOPMENT_TEAM = B4Q34X3MCH;
				GENERATE_INFOPLIST_FILE = YES;
				MARKETING_VERSION = 1.0;
				PRODUCT_BUNDLE_IDENTIFIER = com.exoberfox.BLocationExampleUITests;
				PRODUCT_NAME = "$(TARGET_NAME)";
				SWIFT_EMIT_LOC_STRINGS = NO;
				SWIFT_VERSION = 5.0;
				TARGETED_DEVICE_FAMILY = "1,2";
				TEST_TARGET_NAME = BLocationExample;
			};
			name = Debug;
		};
		1ABA930E2BC9BED700AA241C /* Release */ = {
			isa = XCBuildConfiguration;
			buildSettings = {
				ALWAYS_EMBED_SWIFT_STANDARD_LIBRARIES = YES;
				CODE_SIGN_STYLE = Automatic;
				CURRENT_PROJECT_VERSION = 1;
				DEVELOPMENT_TEAM = B4Q34X3MCH;
				GENERATE_INFOPLIST_FILE = YES;
				MARKETING_VERSION = 1.0;
				PRODUCT_BUNDLE_IDENTIFIER = com.exoberfox.BLocationExampleUITests;
				PRODUCT_NAME = "$(TARGET_NAME)";
				SWIFT_EMIT_LOC_STRINGS = NO;
				SWIFT_VERSION = 5.0;
				TARGETED_DEVICE_FAMILY = "1,2";
				TEST_TARGET_NAME = BLocationExample;
			};
			name = Release;
		};
/* End XCBuildConfiguration section */

/* Begin XCConfigurationList section */
		1ABA92DD2BC9BED400AA241C /* Build configuration list for PBXProject "BLocationExample" */ = {
			isa = XCConfigurationList;
			buildConfigurations = (
				1ABA93042BC9BED700AA241C /* Debug */,
				1ABA93052BC9BED700AA241C /* Release */,
			);
			defaultConfigurationIsVisible = 0;
			defaultConfigurationName = Release;
		};
		1ABA93062BC9BED700AA241C /* Build configuration list for PBXNativeTarget "BLocationExample" */ = {
			isa = XCConfigurationList;
			buildConfigurations = (
				1ABA93072BC9BED700AA241C /* Debug */,
				1ABA93082BC9BED700AA241C /* Release */,
			);
			defaultConfigurationIsVisible = 0;
			defaultConfigurationName = Release;
		};
		1ABA93092BC9BED700AA241C /* Build configuration list for PBXNativeTarget "BLocationExampleTests" */ = {
			isa = XCConfigurationList;
			buildConfigurations = (
				1ABA930A2BC9BED700AA241C /* Debug */,
				1ABA930B2BC9BED700AA241C /* Release */,
			);
			defaultConfigurationIsVisible = 0;
			defaultConfigurationName = Release;
		};
		1ABA930C2BC9BED700AA241C /* Build configuration list for PBXNativeTarget "BLocationExampleUITests" */ = {
			isa = XCConfigurationList;
			buildConfigurations = (
				1ABA930D2BC9BED700AA241C /* Debug */,
				1ABA930E2BC9BED700AA241C /* Release */,
			);
			defaultConfigurationIsVisible = 0;
			defaultConfigurationName = Release;
		};
/* End XCConfigurationList section */

/* Begin XCLocalSwiftPackageReference section */
		1ACF56B52BC9CC8600ED88B2 /* XCLocalSwiftPackageReference ".." */ = {
			isa = XCLocalSwiftPackageReference;
			relativePath = ..;
		};
/* End XCLocalSwiftPackageReference section */

/* Begin XCSwiftPackageProductDependency section */
		1ACF56B62BC9CD7600ED88B2 /* BLocation */ = {
			isa = XCSwiftPackageProductDependency;
			productName = BLocation;
		};
/* End XCSwiftPackageProductDependency section */
	};
	rootObject = 1ABA92DA2BC9BED400AA241C /* Project object */;
}
