{
  "pins" : [
    {
      "identity" : "secretsmanager",
      "kind" : "remoteSourceControl",
      "location" : "https://github.com/vdka/SecretsManager.git",
      "state" : {
        "revision" : "66af2ab2e88b2d68a2385734fa86c87c3236d44f",
        "version" : "1.1.4"
      }
    }
  ],
  "version" : 2
}
